// !$*UTF8*$!
{
	archiveVersion = 1;
	classes = {
	};
	objectVersion = 50;
	objects = {

/* Begin PBXBuildFile section */
		98007ADD21C8085300B75454 /* UINavigationController+Ext.swift in Sources */ = {isa = PBXBuildFile; fileRef = 98007ADC21C8085300B75454 /* UINavigationController+Ext.swift */; };
		98007ADF21C8838F00B75454 /* SegmentedControlView+Rx.swift in Sources */ = {isa = PBXBuildFile; fileRef = 98007ADE21C8838F00B75454 /* SegmentedControlView+Rx.swift */; };
		98007AE121C8854800B75454 /* SegmentedPageViewController.swift in Sources */ = {isa = PBXBuildFile; fileRef = 98007AE021C8854800B75454 /* SegmentedPageViewController.swift */; };
		98007AE421C8ABB200B75454 /* SearchDetailViewController.swift in Sources */ = {isa = PBXBuildFile; fileRef = 98007AE321C8ABB200B75454 /* SearchDetailViewController.swift */; };
		980987C321E4302400DBFE56 /* Environment.swift in Sources */ = {isa = PBXBuildFile; fileRef = 980987C221E4302400DBFE56 /* Environment.swift */; };
		980987C821E433BC00DBFE56 /* Localizable.swift in Sources */ = {isa = PBXBuildFile; fileRef = 980987C721E433BC00DBFE56 /* Localizable.swift */; };
		980987C921E433BC00DBFE56 /* Localizable.swift in Sources */ = {isa = PBXBuildFile; fileRef = 980987C721E433BC00DBFE56 /* Localizable.swift */; };
		981DAEDC21E584FC00B638B0 /* Environment.swift in Sources */ = {isa = PBXBuildFile; fileRef = 980987C221E4302400DBFE56 /* Environment.swift */; };
		982562DD21C9677C00FBAEC7 /* SearchDetailViewModel.swift in Sources */ = {isa = PBXBuildFile; fileRef = 982562DC21C9677C00FBAEC7 /* SearchDetailViewModel.swift */; };
		983C5CBB21BF145200EC20FF /* UITableView+Ext.swift in Sources */ = {isa = PBXBuildFile; fileRef = 983C5CBA21BF145200EC20FF /* UITableView+Ext.swift */; };
		98562FAF21BDB82200938364 /* ImageLabelsView.swift in Sources */ = {isa = PBXBuildFile; fileRef = 98562FAE21BDB82200938364 /* ImageLabelsView.swift */; };
		985D0DA821C7125F00384958 /* SegmentedControlView.swift in Sources */ = {isa = PBXBuildFile; fileRef = 985D0DA721C7125F00384958 /* SegmentedControlView.swift */; };
		985D0DAA21C712C700384958 /* ButtonStyle.swift in Sources */ = {isa = PBXBuildFile; fileRef = 985D0DA921C712C700384958 /* ButtonStyle.swift */; };
		986925F121D7C3DE0020C067 /* ArticleListViewModelTests.swift in Sources */ = {isa = PBXBuildFile; fileRef = 986925F021D7C3DE0020C067 /* ArticleListViewModelTests.swift */; };
		986ED9BE21BF5DC7008BD0AD /* Storage.swift in Sources */ = {isa = PBXBuildFile; fileRef = 986ED9BD21BF5DC7008BD0AD /* Storage.swift */; };
		986F2FB221D0652700F12315 /* UIImageView+Ext.swift in Sources */ = {isa = PBXBuildFile; fileRef = 986F2FB121D0652700F12315 /* UIImageView+Ext.swift */; };
		986F2FB521D0748200F12315 /* Localizable.strings in Resources */ = {isa = PBXBuildFile; fileRef = 986F2FB721D0748200F12315 /* Localizable.strings */; };
		987F75E221BDC1F20080A92F /* ImageLabelsCell.swift in Sources */ = {isa = PBXBuildFile; fileRef = 987F75E121BDC1F20080A92F /* ImageLabelsCell.swift */; };
		987F75E421BDC5740080A92F /* LoadingCell.swift in Sources */ = {isa = PBXBuildFile; fileRef = 987F75E321BDC5740080A92F /* LoadingCell.swift */; };
		987F75E721BDCC8F0080A92F /* Constants.swift in Sources */ = {isa = PBXBuildFile; fileRef = 987F75E621BDCC8F0080A92F /* Constants.swift */; };
		987F75E921BDCD8A0080A92F /* MetaData.swift in Sources */ = {isa = PBXBuildFile; fileRef = 987F75E821BDCD8A0080A92F /* MetaData.swift */; };
		987F75EC21BDD83F0080A92F /* SavedSearch.swift in Sources */ = {isa = PBXBuildFile; fileRef = 987F75EB21BDD83F0080A92F /* SavedSearch.swift */; };
		987F75EE21BDD8A20080A92F /* SearchListViewModel.swift in Sources */ = {isa = PBXBuildFile; fileRef = 987F75ED21BDD8A20080A92F /* SearchListViewModel.swift */; };
		987F75F021BDD9D70080A92F /* SavedSearchNetwork.swift in Sources */ = {isa = PBXBuildFile; fileRef = 987F75EF21BDD9D70080A92F /* SavedSearchNetwork.swift */; };
		987F75F221BDDB510080A92F /* SearchListViewController.swift in Sources */ = {isa = PBXBuildFile; fileRef = 987F75F121BDDB510080A92F /* SearchListViewController.swift */; };
		987F75F421BDE2DD0080A92F /* UIViewController+Ext.swift in Sources */ = {isa = PBXBuildFile; fileRef = 987F75F321BDE2DD0080A92F /* UIViewController+Ext.swift */; };
		987F75F621BDE3E30080A92F /* LoadingView.swift in Sources */ = {isa = PBXBuildFile; fileRef = 987F75F521BDE3E30080A92F /* LoadingView.swift */; };
		987F75F821BDE5E30080A92F /* LoadingIndicatable.swift in Sources */ = {isa = PBXBuildFile; fileRef = 987F75F721BDE5E30080A92F /* LoadingIndicatable.swift */; };
		989B5E4A21B76C5800E0D31B /* AppDelegate.swift in Sources */ = {isa = PBXBuildFile; fileRef = 989B5E4921B76C5800E0D31B /* AppDelegate.swift */; };
		989B5E5121B76C5A00E0D31B /* Assets.xcassets in Resources */ = {isa = PBXBuildFile; fileRef = 989B5E5021B76C5A00E0D31B /* Assets.xcassets */; };
		989B5E5421B76C5A00E0D31B /* LaunchScreen.storyboard in Resources */ = {isa = PBXBuildFile; fileRef = 989B5E5221B76C5A00E0D31B /* LaunchScreen.storyboard */; };
		989B5E5F21B76C5A00E0D31B /* GrailedExampleTests.swift in Sources */ = {isa = PBXBuildFile; fileRef = 989B5E5E21B76C5A00E0D31B /* GrailedExampleTests.swift */; };
		989B5E7821B76D6800E0D31B /* ArticleListViewController.swift in Sources */ = {isa = PBXBuildFile; fileRef = 989B5E7721B76D6800E0D31B /* ArticleListViewController.swift */; };
		989B5E7A21B76D7800E0D31B /* ArticleListViewModel.swift in Sources */ = {isa = PBXBuildFile; fileRef = 989B5E7921B76D7800E0D31B /* ArticleListViewModel.swift */; };
		98E0E82221B8BF4400451A2B /* Network.swift in Sources */ = {isa = PBXBuildFile; fileRef = 98E0E82121B8BF4400451A2B /* Network.swift */; };
		98E0E82421B8C02300451A2B /* Observable+Ext.swift in Sources */ = {isa = PBXBuildFile; fileRef = 98E0E82321B8C02300451A2B /* Observable+Ext.swift */; };
		98E0E82721B8C54800451A2B /* NetworkError.swift in Sources */ = {isa = PBXBuildFile; fileRef = 98E0E82621B8C54800451A2B /* NetworkError.swift */; };
		98E0E82B21B8CE5700451A2B /* GrailedError.swift in Sources */ = {isa = PBXBuildFile; fileRef = 98E0E82A21B8CE5700451A2B /* GrailedError.swift */; };
		98E0E82D21B8CFAF00451A2B /* ActivityTracker.swift in Sources */ = {isa = PBXBuildFile; fileRef = 98E0E82C21B8CFAF00451A2B /* ActivityTracker.swift */; };
		98E0E82F21B8D02800451A2B /* ErrorTracker.swift in Sources */ = {isa = PBXBuildFile; fileRef = 98E0E82E21B8D02800451A2B /* ErrorTracker.swift */; };
		98E0E83221B8D0AD00451A2B /* ArticlesNetwork.swift in Sources */ = {isa = PBXBuildFile; fileRef = 98E0E83121B8D0AD00451A2B /* ArticlesNetwork.swift */; };
		98E1B98721D1D4C400498583 /* UserNetwork.swift in Sources */ = {isa = PBXBuildFile; fileRef = 98E1B98621D1D4C400498583 /* UserNetwork.swift */; };
		98E1B98921D1D7ED00498583 /* User.swift in Sources */ = {isa = PBXBuildFile; fileRef = 98E1B98821D1D7ED00498583 /* User.swift */; };
		98E1B98C21D1DAFA00498583 /* SettingsViewModel.swift in Sources */ = {isa = PBXBuildFile; fileRef = 98E1B98B21D1DAFA00498583 /* SettingsViewModel.swift */; };
		98E1B98F21D1DE2C00498583 /* LoginViewController.swift in Sources */ = {isa = PBXBuildFile; fileRef = 98E1B98E21D1DE2C00498583 /* LoginViewController.swift */; };
		98E1B99121D1DE3A00498583 /* LoginViewModel.swift in Sources */ = {isa = PBXBuildFile; fileRef = 98E1B99021D1DE3A00498583 /* LoginViewModel.swift */; };
		98E1B99321D1DF2500498583 /* LoginCoordinator.swift in Sources */ = {isa = PBXBuildFile; fileRef = 98E1B99221D1DF2500498583 /* LoginCoordinator.swift */; };
		98E1B99521D1E0D600498583 /* SettingsCoordinator.swift in Sources */ = {isa = PBXBuildFile; fileRef = 98E1B99421D1E0D600498583 /* SettingsCoordinator.swift */; };
		98EBB3E121BA128B00F69CB4 /* NetworkActivityLogger.swift in Sources */ = {isa = PBXBuildFile; fileRef = 98EBB3E021BA128B00F69CB4 /* NetworkActivityLogger.swift */; };
		98EBB3E321BA1DB900F69CB4 /* ArticleListSection.swift in Sources */ = {isa = PBXBuildFile; fileRef = 98EBB3E221BA1DB900F69CB4 /* ArticleListSection.swift */; };
		98F12F3D21CB40F1003C4697 /* Theme.swift in Sources */ = {isa = PBXBuildFile; fileRef = 98F12F3C21CB40F1003C4697 /* Theme.swift */; };
		98F12F3F21CB4ABC003C4697 /* SettingsViewController.swift in Sources */ = {isa = PBXBuildFile; fileRef = 98F12F3E21CB4ABC003C4697 /* SettingsViewController.swift */; };
		98F9122B21C3416100FD8810 /* GlobalFunctions.swift in Sources */ = {isa = PBXBuildFile; fileRef = 98F9122A21C3416100FD8810 /* GlobalFunctions.swift */; };
		98FC0FB021B8681500B7DD5F /* BaseCoordinator.swift in Sources */ = {isa = PBXBuildFile; fileRef = 98FC0FAF21B8681500B7DD5F /* BaseCoordinator.swift */; };
		98FC0FB321B8688400B7DD5F /* AppCoordinator.swift in Sources */ = {isa = PBXBuildFile; fileRef = 98FC0FB221B8688400B7DD5F /* AppCoordinator.swift */; };
		98FC0FB521B868BE00B7DD5F /* ArticleListCoordinator.swift in Sources */ = {isa = PBXBuildFile; fileRef = 98FC0FB421B868BE00B7DD5F /* ArticleListCoordinator.swift */; };
		98FC0FB721B869C800B7DD5F /* HomeTabBarCoordinator.swift in Sources */ = {isa = PBXBuildFile; fileRef = 98FC0FB621B869C800B7DD5F /* HomeTabBarCoordinator.swift */; };
		98FC0FB921B86E3300B7DD5F /* SearchListCoordinator.swift in Sources */ = {isa = PBXBuildFile; fileRef = 98FC0FB821B86E3300B7DD5F /* SearchListCoordinator.swift */; };
		98FC0FBD21B87BBB00B7DD5F /* Article.swift in Sources */ = {isa = PBXBuildFile; fileRef = 98FC0FBC21B87BBB00B7DD5F /* Article.swift */; };
		98FC0FC021B8884300B7DD5F /* UIView+Ext.swift in Sources */ = {isa = PBXBuildFile; fileRef = 98FC0FBF21B8884300B7DD5F /* UIView+Ext.swift */; };
		98FC0FC221B88B6C00B7DD5F /* BindableType.swift in Sources */ = {isa = PBXBuildFile; fileRef = 98FC0FC121B88B6C00B7DD5F /* BindableType.swift */; };
/* End PBXBuildFile section */

/* Begin PBXContainerItemProxy section */
		989B5E5B21B76C5A00E0D31B /* PBXContainerItemProxy */ = {
			isa = PBXContainerItemProxy;
			containerPortal = 989B5E3E21B76C5800E0D31B /* Project object */;
			proxyType = 1;
			remoteGlobalIDString = 989B5E4521B76C5800E0D31B;
			remoteInfo = GrailedExample;
		};
/* End PBXContainerItemProxy section */

/* Begin PBXFileReference section */
		2BC8C2C7453A854F541B21BA /* Pods-GrailedExample-GrailedExampleTests.debug (staging).xcconfig */ = {isa = PBXFileReference; includeInIndex = 1; lastKnownFileType = text.xcconfig; name = "Pods-GrailedExample-GrailedExampleTests.debug (staging).xcconfig"; path = "Pods/Target Support Files/Pods-GrailedExample-GrailedExampleTests/Pods-GrailedExample-GrailedExampleTests.debug (staging).xcconfig"; sourceTree = "<group>"; };
		510DD19461CC685A02815857 /* Pods-GrailedExample-GrailedExampleTests.debug (production).xcconfig */ = {isa = PBXFileReference; includeInIndex = 1; lastKnownFileType = text.xcconfig; name = "Pods-GrailedExample-GrailedExampleTests.debug (production).xcconfig"; path = "Pods/Target Support Files/Pods-GrailedExample-GrailedExampleTests/Pods-GrailedExample-GrailedExampleTests.debug (production).xcconfig"; sourceTree = "<group>"; };
		5DB827332C856330396C5FB3 /* Pods-GrailedExample-GrailedExampleTests.debug (development).xcconfig */ = {isa = PBXFileReference; includeInIndex = 1; lastKnownFileType = text.xcconfig; name = "Pods-GrailedExample-GrailedExampleTests.debug (development).xcconfig"; path = "Pods/Target Support Files/Pods-GrailedExample-GrailedExampleTests/Pods-GrailedExample-GrailedExampleTests.debug (development).xcconfig"; sourceTree = "<group>"; };
		8383F980C4BEA42E5C587F63 /* Pods-GrailedExample-GrailedExampleTests.release (production).xcconfig */ = {isa = PBXFileReference; includeInIndex = 1; lastKnownFileType = text.xcconfig; name = "Pods-GrailedExample-GrailedExampleTests.release (production).xcconfig"; path = "Pods/Target Support Files/Pods-GrailedExample-GrailedExampleTests/Pods-GrailedExample-GrailedExampleTests.release (production).xcconfig"; sourceTree = "<group>"; };
		98007ADC21C8085300B75454 /* UINavigationController+Ext.swift */ = {isa = PBXFileReference; lastKnownFileType = sourcecode.swift; path = "UINavigationController+Ext.swift"; sourceTree = "<group>"; };
		98007ADE21C8838F00B75454 /* SegmentedControlView+Rx.swift */ = {isa = PBXFileReference; lastKnownFileType = sourcecode.swift; path = "SegmentedControlView+Rx.swift"; sourceTree = "<group>"; };
		98007AE021C8854800B75454 /* SegmentedPageViewController.swift */ = {isa = PBXFileReference; lastKnownFileType = sourcecode.swift; path = SegmentedPageViewController.swift; sourceTree = "<group>"; };
		98007AE321C8ABB200B75454 /* SearchDetailViewController.swift */ = {isa = PBXFileReference; lastKnownFileType = sourcecode.swift; path = SearchDetailViewController.swift; sourceTree = "<group>"; };
		980987C221E4302400DBFE56 /* Environment.swift */ = {isa = PBXFileReference; lastKnownFileType = sourcecode.swift; path = Environment.swift; sourceTree = "<group>"; };
		980987C721E433BC00DBFE56 /* Localizable.swift */ = {isa = PBXFileReference; lastKnownFileType = sourcecode.swift; path = Localizable.swift; sourceTree = "<group>"; };
		982562DC21C9677C00FBAEC7 /* SearchDetailViewModel.swift */ = {isa = PBXFileReference; lastKnownFileType = sourcecode.swift; path = SearchDetailViewModel.swift; sourceTree = "<group>"; };
		983C5CBA21BF145200EC20FF /* UITableView+Ext.swift */ = {isa = PBXFileReference; lastKnownFileType = sourcecode.swift; path = "UITableView+Ext.swift"; sourceTree = "<group>"; };
		98562FAE21BDB82200938364 /* ImageLabelsView.swift */ = {isa = PBXFileReference; lastKnownFileType = sourcecode.swift; path = ImageLabelsView.swift; sourceTree = "<group>"; };
		985D0DA721C7125F00384958 /* SegmentedControlView.swift */ = {isa = PBXFileReference; lastKnownFileType = sourcecode.swift; path = SegmentedControlView.swift; sourceTree = "<group>"; };
		985D0DA921C712C700384958 /* ButtonStyle.swift */ = {isa = PBXFileReference; lastKnownFileType = sourcecode.swift; path = ButtonStyle.swift; sourceTree = "<group>"; };
		986925F021D7C3DE0020C067 /* ArticleListViewModelTests.swift */ = {isa = PBXFileReference; lastKnownFileType = sourcecode.swift; path = ArticleListViewModelTests.swift; sourceTree = "<group>"; };
		986ED9BD21BF5DC7008BD0AD /* Storage.swift */ = {isa = PBXFileReference; lastKnownFileType = sourcecode.swift; path = Storage.swift; sourceTree = "<group>"; };
		986F2FB121D0652700F12315 /* UIImageView+Ext.swift */ = {isa = PBXFileReference; lastKnownFileType = sourcecode.swift; path = "UIImageView+Ext.swift"; sourceTree = "<group>"; };
		986F2FB621D0748200F12315 /* en */ = {isa = PBXFileReference; lastKnownFileType = text.plist.strings; name = en; path = en.lproj/Localizable.strings; sourceTree = "<group>"; };
		987F75E121BDC1F20080A92F /* ImageLabelsCell.swift */ = {isa = PBXFileReference; lastKnownFileType = sourcecode.swift; path = ImageLabelsCell.swift; sourceTree = "<group>"; };
		987F75E321BDC5740080A92F /* LoadingCell.swift */ = {isa = PBXFileReference; lastKnownFileType = sourcecode.swift; path = LoadingCell.swift; sourceTree = "<group>"; };
		987F75E621BDCC8F0080A92F /* Constants.swift */ = {isa = PBXFileReference; lastKnownFileType = sourcecode.swift; path = Constants.swift; sourceTree = "<group>"; };
		987F75E821BDCD8A0080A92F /* MetaData.swift */ = {isa = PBXFileReference; lastKnownFileType = sourcecode.swift; path = MetaData.swift; sourceTree = "<group>"; };
		987F75EB21BDD83F0080A92F /* SavedSearch.swift */ = {isa = PBXFileReference; lastKnownFileType = sourcecode.swift; path = SavedSearch.swift; sourceTree = "<group>"; };
		987F75ED21BDD8A20080A92F /* SearchListViewModel.swift */ = {isa = PBXFileReference; lastKnownFileType = sourcecode.swift; path = SearchListViewModel.swift; sourceTree = "<group>"; };
		987F75EF21BDD9D70080A92F /* SavedSearchNetwork.swift */ = {isa = PBXFileReference; lastKnownFileType = sourcecode.swift; path = SavedSearchNetwork.swift; sourceTree = "<group>"; };
		987F75F121BDDB510080A92F /* SearchListViewController.swift */ = {isa = PBXFileReference; lastKnownFileType = sourcecode.swift; path = SearchListViewController.swift; sourceTree = "<group>"; };
		987F75F321BDE2DD0080A92F /* UIViewController+Ext.swift */ = {isa = PBXFileReference; lastKnownFileType = sourcecode.swift; path = "UIViewController+Ext.swift"; sourceTree = "<group>"; };
		987F75F521BDE3E30080A92F /* LoadingView.swift */ = {isa = PBXFileReference; lastKnownFileType = sourcecode.swift; path = LoadingView.swift; sourceTree = "<group>"; };
		987F75F721BDE5E30080A92F /* LoadingIndicatable.swift */ = {isa = PBXFileReference; lastKnownFileType = sourcecode.swift; path = LoadingIndicatable.swift; sourceTree = "<group>"; };
		989B5E4621B76C5800E0D31B /* GrailedExample.app */ = {isa = PBXFileReference; explicitFileType = wrapper.application; includeInIndex = 0; path = GrailedExample.app; sourceTree = BUILT_PRODUCTS_DIR; };
		989B5E4921B76C5800E0D31B /* AppDelegate.swift */ = {isa = PBXFileReference; lastKnownFileType = sourcecode.swift; path = AppDelegate.swift; sourceTree = "<group>"; };
		989B5E5021B76C5A00E0D31B /* Assets.xcassets */ = {isa = PBXFileReference; lastKnownFileType = folder.assetcatalog; path = Assets.xcassets; sourceTree = "<group>"; };
		989B5E5321B76C5A00E0D31B /* Base */ = {isa = PBXFileReference; lastKnownFileType = file.storyboard; name = Base; path = Base.lproj/LaunchScreen.storyboard; sourceTree = "<group>"; };
		989B5E5521B76C5A00E0D31B /* Info.plist */ = {isa = PBXFileReference; lastKnownFileType = text.plist.xml; path = Info.plist; sourceTree = "<group>"; };
		989B5E5A21B76C5A00E0D31B /* GrailedExampleTests.xctest */ = {isa = PBXFileReference; explicitFileType = wrapper.cfbundle; includeInIndex = 0; path = GrailedExampleTests.xctest; sourceTree = BUILT_PRODUCTS_DIR; };
		989B5E5E21B76C5A00E0D31B /* GrailedExampleTests.swift */ = {isa = PBXFileReference; lastKnownFileType = sourcecode.swift; path = GrailedExampleTests.swift; sourceTree = "<group>"; };
		989B5E6021B76C5A00E0D31B /* Info.plist */ = {isa = PBXFileReference; lastKnownFileType = text.plist.xml; path = Info.plist; sourceTree = "<group>"; };
		989B5E6921B76C5A00E0D31B /* GrailedExampleUITests.swift */ = {isa = PBXFileReference; lastKnownFileType = sourcecode.swift; path = GrailedExampleUITests.swift; sourceTree = "<group>"; };
		989B5E6B21B76C5A00E0D31B /* Info.plist */ = {isa = PBXFileReference; lastKnownFileType = text.plist.xml; path = Info.plist; sourceTree = "<group>"; };
		989B5E7721B76D6800E0D31B /* ArticleListViewController.swift */ = {isa = PBXFileReference; lastKnownFileType = sourcecode.swift; path = ArticleListViewController.swift; sourceTree = "<group>"; };
		989B5E7921B76D7800E0D31B /* ArticleListViewModel.swift */ = {isa = PBXFileReference; lastKnownFileType = sourcecode.swift; path = ArticleListViewModel.swift; sourceTree = "<group>"; };
		98E0E82121B8BF4400451A2B /* Network.swift */ = {isa = PBXFileReference; lastKnownFileType = sourcecode.swift; path = Network.swift; sourceTree = "<group>"; };
		98E0E82321B8C02300451A2B /* Observable+Ext.swift */ = {isa = PBXFileReference; lastKnownFileType = sourcecode.swift; path = "Observable+Ext.swift"; sourceTree = "<group>"; };
		98E0E82621B8C54800451A2B /* NetworkError.swift */ = {isa = PBXFileReference; lastKnownFileType = sourcecode.swift; path = NetworkError.swift; sourceTree = "<group>"; };
		98E0E82A21B8CE5700451A2B /* GrailedError.swift */ = {isa = PBXFileReference; lastKnownFileType = sourcecode.swift; path = GrailedError.swift; sourceTree = "<group>"; };
		98E0E82C21B8CFAF00451A2B /* ActivityTracker.swift */ = {isa = PBXFileReference; lastKnownFileType = sourcecode.swift; path = ActivityTracker.swift; sourceTree = "<group>"; };
		98E0E82E21B8D02800451A2B /* ErrorTracker.swift */ = {isa = PBXFileReference; lastKnownFileType = sourcecode.swift; path = ErrorTracker.swift; sourceTree = "<group>"; };
		98E0E83121B8D0AD00451A2B /* ArticlesNetwork.swift */ = {isa = PBXFileReference; lastKnownFileType = sourcecode.swift; path = ArticlesNetwork.swift; sourceTree = "<group>"; };
		98E1B98621D1D4C400498583 /* UserNetwork.swift */ = {isa = PBXFileReference; lastKnownFileType = sourcecode.swift; path = UserNetwork.swift; sourceTree = "<group>"; };
		98E1B98821D1D7ED00498583 /* User.swift */ = {isa = PBXFileReference; lastKnownFileType = sourcecode.swift; path = User.swift; sourceTree = "<group>"; };
		98E1B98B21D1DAFA00498583 /* SettingsViewModel.swift */ = {isa = PBXFileReference; lastKnownFileType = sourcecode.swift; path = SettingsViewModel.swift; sourceTree = "<group>"; };
		98E1B98E21D1DE2C00498583 /* LoginViewController.swift */ = {isa = PBXFileReference; lastKnownFileType = sourcecode.swift; path = LoginViewController.swift; sourceTree = "<group>"; };
		98E1B99021D1DE3A00498583 /* LoginViewModel.swift */ = {isa = PBXFileReference; lastKnownFileType = sourcecode.swift; path = LoginViewModel.swift; sourceTree = "<group>"; };
		98E1B99221D1DF2500498583 /* LoginCoordinator.swift */ = {isa = PBXFileReference; lastKnownFileType = sourcecode.swift; path = LoginCoordinator.swift; sourceTree = "<group>"; };
		98E1B99421D1E0D600498583 /* SettingsCoordinator.swift */ = {isa = PBXFileReference; lastKnownFileType = sourcecode.swift; path = SettingsCoordinator.swift; sourceTree = "<group>"; };
		98EBB3E021BA128B00F69CB4 /* NetworkActivityLogger.swift */ = {isa = PBXFileReference; lastKnownFileType = sourcecode.swift; path = NetworkActivityLogger.swift; sourceTree = "<group>"; };
		98EBB3E221BA1DB900F69CB4 /* ArticleListSection.swift */ = {isa = PBXFileReference; lastKnownFileType = sourcecode.swift; path = ArticleListSection.swift; sourceTree = "<group>"; };
		98EC099521E41EF00077F007 /* Development.xcconfig */ = {isa = PBXFileReference; lastKnownFileType = text.xcconfig; path = Development.xcconfig; sourceTree = "<group>"; };
		98EC099621E420450077F007 /* Staging.xcconfig */ = {isa = PBXFileReference; lastKnownFileType = text.xcconfig; path = Staging.xcconfig; sourceTree = "<group>"; };
		98EC099721E420530077F007 /* Production.xcconfig */ = {isa = PBXFileReference; lastKnownFileType = text.xcconfig; path = Production.xcconfig; sourceTree = "<group>"; };
		98F12F3C21CB40F1003C4697 /* Theme.swift */ = {isa = PBXFileReference; lastKnownFileType = sourcecode.swift; path = Theme.swift; sourceTree = "<group>"; };
		98F12F3E21CB4ABC003C4697 /* SettingsViewController.swift */ = {isa = PBXFileReference; lastKnownFileType = sourcecode.swift; path = SettingsViewController.swift; sourceTree = "<group>"; };
		98F9122A21C3416100FD8810 /* GlobalFunctions.swift */ = {isa = PBXFileReference; lastKnownFileType = sourcecode.swift; path = GlobalFunctions.swift; sourceTree = "<group>"; };
		98FC0FAF21B8681500B7DD5F /* BaseCoordinator.swift */ = {isa = PBXFileReference; lastKnownFileType = sourcecode.swift; path = BaseCoordinator.swift; sourceTree = "<group>"; };
		98FC0FB221B8688400B7DD5F /* AppCoordinator.swift */ = {isa = PBXFileReference; lastKnownFileType = sourcecode.swift; path = AppCoordinator.swift; sourceTree = "<group>"; };
		98FC0FB421B868BE00B7DD5F /* ArticleListCoordinator.swift */ = {isa = PBXFileReference; lastKnownFileType = sourcecode.swift; path = ArticleListCoordinator.swift; sourceTree = "<group>"; };
		98FC0FB621B869C800B7DD5F /* HomeTabBarCoordinator.swift */ = {isa = PBXFileReference; lastKnownFileType = sourcecode.swift; path = HomeTabBarCoordinator.swift; sourceTree = "<group>"; };
		98FC0FB821B86E3300B7DD5F /* SearchListCoordinator.swift */ = {isa = PBXFileReference; lastKnownFileType = sourcecode.swift; path = SearchListCoordinator.swift; sourceTree = "<group>"; };
		98FC0FBC21B87BBB00B7DD5F /* Article.swift */ = {isa = PBXFileReference; lastKnownFileType = sourcecode.swift; path = Article.swift; sourceTree = "<group>"; };
		98FC0FBF21B8884300B7DD5F /* UIView+Ext.swift */ = {isa = PBXFileReference; lastKnownFileType = sourcecode.swift; path = "UIView+Ext.swift"; sourceTree = "<group>"; };
		98FC0FC121B88B6C00B7DD5F /* BindableType.swift */ = {isa = PBXFileReference; lastKnownFileType = sourcecode.swift; path = BindableType.swift; sourceTree = "<group>"; };
		AADE42D7BCC0BEECCD80C7AF /* Pods-GrailedExample-GrailedExampleTests.release (development).xcconfig */ = {isa = PBXFileReference; includeInIndex = 1; lastKnownFileType = text.xcconfig; name = "Pods-GrailedExample-GrailedExampleTests.release (development).xcconfig"; path = "Pods/Target Support Files/Pods-GrailedExample-GrailedExampleTests/Pods-GrailedExample-GrailedExampleTests.release (development).xcconfig"; sourceTree = "<group>"; };
		B37DD5E10D48C9CC7C25C6E3 /* Pods-GrailedExample-GrailedExampleTests.release (staging).xcconfig */ = {isa = PBXFileReference; includeInIndex = 1; lastKnownFileType = text.xcconfig; name = "Pods-GrailedExample-GrailedExampleTests.release (staging).xcconfig"; path = "Pods/Target Support Files/Pods-GrailedExample-GrailedExampleTests/Pods-GrailedExample-GrailedExampleTests.release (staging).xcconfig"; sourceTree = "<group>"; };
/* End PBXFileReference section */

/* Begin PBXFrameworksBuildPhase section */
		989B5E4321B76C5800E0D31B /* Frameworks */ = {
			isa = PBXFrameworksBuildPhase;
			buildActionMask = 2147483647;
			files = (
			);
			runOnlyForDeploymentPostprocessing = 0;
		};
		989B5E5721B76C5A00E0D31B /* Frameworks */ = {
			isa = PBXFrameworksBuildPhase;
			buildActionMask = 2147483647;
			files = (
			);
			runOnlyForDeploymentPostprocessing = 0;
		};
/* End PBXFrameworksBuildPhase section */

/* Begin PBXGroup section */
		9274F7BF495E66C3CB35D052 /* Pods */ = {
			isa = PBXGroup;
			children = (
				5DB827332C856330396C5FB3 /* Pods-GrailedExample-GrailedExampleTests.debug (development).xcconfig */,
				510DD19461CC685A02815857 /* Pods-GrailedExample-GrailedExampleTests.debug (production).xcconfig */,
				2BC8C2C7453A854F541B21BA /* Pods-GrailedExample-GrailedExampleTests.debug (staging).xcconfig */,
				AADE42D7BCC0BEECCD80C7AF /* Pods-GrailedExample-GrailedExampleTests.release (development).xcconfig */,
				8383F980C4BEA42E5C587F63 /* Pods-GrailedExample-GrailedExampleTests.release (production).xcconfig */,
				B37DD5E10D48C9CC7C25C6E3 /* Pods-GrailedExample-GrailedExampleTests.release (staging).xcconfig */,
			);
			name = Pods;
			sourceTree = "<group>";
		};
		98007AE521C8B24500B75454 /* Search Detail */ = {
			isa = PBXGroup;
			children = (
				98007AE321C8ABB200B75454 /* SearchDetailViewController.swift */,
				982562DC21C9677C00FBAEC7 /* SearchDetailViewModel.swift */,
			);
			path = "Search Detail";
			sourceTree = "<group>";
		};
		980987C621E4331A00DBFE56 /* Localization */ = {
			isa = PBXGroup;
			children = (
				986F2FB721D0748200F12315 /* Localizable.strings */,
				980987C721E433BC00DBFE56 /* Localizable.swift */,
			);
			path = Localization;
			sourceTree = "<group>";
		};
		982A218C21D2973500F12BDB /* Root */ = {
			isa = PBXGroup;
			children = (
				982A218D21D2976B00F12BDB /* Home */,
				982A218E21D297A600F12BDB /* Login */,
			);
			path = Root;
			sourceTree = "<group>";
		};
		982A218D21D2976B00F12BDB /* Home */ = {
			isa = PBXGroup;
			children = (
				98FC0FB621B869C800B7DD5F /* HomeTabBarCoordinator.swift */,
				98FC0FB421B868BE00B7DD5F /* ArticleListCoordinator.swift */,
				98FC0FB821B86E3300B7DD5F /* SearchListCoordinator.swift */,
				98E1B99421D1E0D600498583 /* SettingsCoordinator.swift */,
			);
			path = Home;
			sourceTree = "<group>";
		};
		982A218E21D297A600F12BDB /* Login */ = {
			isa = PBXGroup;
			children = (
				98E1B99221D1DF2500498583 /* LoginCoordinator.swift */,
			);
			path = Login;
			sourceTree = "<group>";
		};
		98562FAC21BDB7FC00938364 /* Views */ = {
			isa = PBXGroup;
			children = (
				98562FAE21BDB82200938364 /* ImageLabelsView.swift */,
				987F75F521BDE3E30080A92F /* LoadingView.swift */,
				985D0DA721C7125F00384958 /* SegmentedControlView.swift */,
				98007ADE21C8838F00B75454 /* SegmentedControlView+Rx.swift */,
			);
			path = Views;
			sourceTree = "<group>";
		};
		98562FAD21BDB80700938364 /* Cells */ = {
			isa = PBXGroup;
			children = (
				987F75E121BDC1F20080A92F /* ImageLabelsCell.swift */,
				987F75E321BDC5740080A92F /* LoadingCell.swift */,
			);
			path = Cells;
			sourceTree = "<group>";
		};
		987F75E521BDCBBB0080A92F /* Article List */ = {
			isa = PBXGroup;
			children = (
				989B5E7721B76D6800E0D31B /* ArticleListViewController.swift */,
				989B5E7921B76D7800E0D31B /* ArticleListViewModel.swift */,
				98EBB3E221BA1DB900F69CB4 /* ArticleListSection.swift */,
			);
			path = "Article List";
			sourceTree = "<group>";
		};
		987F75EA21BDD8150080A92F /* Search List */ = {
			isa = PBXGroup;
			children = (
				987F75ED21BDD8A20080A92F /* SearchListViewModel.swift */,
				987F75F121BDDB510080A92F /* SearchListViewController.swift */,
			);
			path = "Search List";
			sourceTree = "<group>";
		};
		989B5E3D21B76C5800E0D31B = {
			isa = PBXGroup;
			children = (
				989B5E4821B76C5800E0D31B /* GrailedExample */,
				989B5E5D21B76C5A00E0D31B /* GrailedExampleTests */,
				989B5E6821B76C5A00E0D31B /* GrailedExampleUITests */,
				989B5E4721B76C5800E0D31B /* Products */,
				9274F7BF495E66C3CB35D052 /* Pods */,
				FE569D49775A2EA7A8E414FB /* Frameworks */,
			);
			sourceTree = "<group>";
		};
		989B5E4721B76C5800E0D31B /* Products */ = {
			isa = PBXGroup;
			children = (
				989B5E4621B76C5800E0D31B /* GrailedExample.app */,
				989B5E5A21B76C5A00E0D31B /* GrailedExampleTests.xctest */,
			);
			name = Products;
			sourceTree = "<group>";
		};
		989B5E4821B76C5800E0D31B /* GrailedExample */ = {
			isa = PBXGroup;
			children = (
				989B5E5021B76C5A00E0D31B /* Assets.xcassets */,
				989B5E5221B76C5A00E0D31B /* LaunchScreen.storyboard */,
				989B5E5521B76C5A00E0D31B /* Info.plist */,
				989B5E4921B76C5800E0D31B /* AppDelegate.swift */,
				987F75E621BDCC8F0080A92F /* Constants.swift */,
				98EC099421E41ECF0077F007 /* Configurations */,
				980987C621E4331A00DBFE56 /* Localization */,
				98FC0FB121B8687100B7DD5F /* Coordinators */,
				98FC0FBA21B86EB500B7DD5F /* Scenes */,
				98562FAC21BDB7FC00938364 /* Views */,
				98562FAD21BDB80700938364 /* Cells */,
				98FC0FBB21B87BA400B7DD5F /* Models */,
				98E0E82521B8C53700451A2B /* Network */,
				98FC0FAE21B867FB00B7DD5F /* Utilities */,
				98FC0FBE21B8883500B7DD5F /* Extensions */,
			);
			path = GrailedExample;
			sourceTree = "<group>";
		};
		989B5E5D21B76C5A00E0D31B /* GrailedExampleTests */ = {
			isa = PBXGroup;
			children = (
				989B5E5E21B76C5A00E0D31B /* GrailedExampleTests.swift */,
				986925F021D7C3DE0020C067 /* ArticleListViewModelTests.swift */,
				989B5E6021B76C5A00E0D31B /* Info.plist */,
			);
			path = GrailedExampleTests;
			sourceTree = "<group>";
		};
		989B5E6821B76C5A00E0D31B /* GrailedExampleUITests */ = {
			isa = PBXGroup;
			children = (
				989B5E6921B76C5A00E0D31B /* GrailedExampleUITests.swift */,
				989B5E6B21B76C5A00E0D31B /* Info.plist */,
			);
			path = GrailedExampleUITests;
			sourceTree = "<group>";
		};
		98E0E82521B8C53700451A2B /* Network */ = {
			isa = PBXGroup;
			children = (
				98E0E82121B8BF4400451A2B /* Network.swift */,
				98E0E82621B8C54800451A2B /* NetworkError.swift */,
				98E0E83121B8D0AD00451A2B /* ArticlesNetwork.swift */,
				987F75EF21BDD9D70080A92F /* SavedSearchNetwork.swift */,
				98E1B98621D1D4C400498583 /* UserNetwork.swift */,
			);
			path = Network;
			sourceTree = "<group>";
		};
		98E1B98A21D1DAC400498583 /* Settings */ = {
			isa = PBXGroup;
			children = (
				98F12F3E21CB4ABC003C4697 /* SettingsViewController.swift */,
				98E1B98B21D1DAFA00498583 /* SettingsViewModel.swift */,
			);
			path = Settings;
			sourceTree = "<group>";
		};
		98E1B98D21D1DE1D00498583 /* Login */ = {
			isa = PBXGroup;
			children = (
				98E1B98E21D1DE2C00498583 /* LoginViewController.swift */,
				98E1B99021D1DE3A00498583 /* LoginViewModel.swift */,
			);
			path = Login;
			sourceTree = "<group>";
		};
		98EC099421E41ECF0077F007 /* Configurations */ = {
			isa = PBXGroup;
			children = (
				980987C221E4302400DBFE56 /* Environment.swift */,
				98EC099521E41EF00077F007 /* Development.xcconfig */,
				98EC099621E420450077F007 /* Staging.xcconfig */,
				98EC099721E420530077F007 /* Production.xcconfig */,
			);
			path = Configurations;
			sourceTree = "<group>";
		};
		98FC0FAE21B867FB00B7DD5F /* Utilities */ = {
			isa = PBXGroup;
			children = (
				98FC0FAF21B8681500B7DD5F /* BaseCoordinator.swift */,
				98FC0FC121B88B6C00B7DD5F /* BindableType.swift */,
				98E0E82C21B8CFAF00451A2B /* ActivityTracker.swift */,
				98E0E82E21B8D02800451A2B /* ErrorTracker.swift */,
				98EBB3E021BA128B00F69CB4 /* NetworkActivityLogger.swift */,
				987F75F721BDE5E30080A92F /* LoadingIndicatable.swift */,
				986ED9BD21BF5DC7008BD0AD /* Storage.swift */,
				98F9122A21C3416100FD8810 /* GlobalFunctions.swift */,
				985D0DA921C712C700384958 /* ButtonStyle.swift */,
				98007AE021C8854800B75454 /* SegmentedPageViewController.swift */,
				98F12F3C21CB40F1003C4697 /* Theme.swift */,
			);
			path = Utilities;
			sourceTree = "<group>";
		};
		98FC0FB121B8687100B7DD5F /* Coordinators */ = {
			isa = PBXGroup;
			children = (
				98FC0FB221B8688400B7DD5F /* AppCoordinator.swift */,
				982A218C21D2973500F12BDB /* Root */,
			);
			path = Coordinators;
			sourceTree = "<group>";
		};
		98FC0FBA21B86EB500B7DD5F /* Scenes */ = {
			isa = PBXGroup;
			children = (
				98E1B98D21D1DE1D00498583 /* Login */,
				987F75EA21BDD8150080A92F /* Search List */,
				987F75E521BDCBBB0080A92F /* Article List */,
				98007AE521C8B24500B75454 /* Search Detail */,
				98E1B98A21D1DAC400498583 /* Settings */,
			);
			path = Scenes;
			sourceTree = "<group>";
		};
		98FC0FBB21B87BA400B7DD5F /* Models */ = {
			isa = PBXGroup;
			children = (
				98FC0FBC21B87BBB00B7DD5F /* Article.swift */,
				98E0E82A21B8CE5700451A2B /* GrailedError.swift */,
				987F75E821BDCD8A0080A92F /* MetaData.swift */,
				987F75EB21BDD83F0080A92F /* SavedSearch.swift */,
				98E1B98821D1D7ED00498583 /* User.swift */,
			);
			path = Models;
			sourceTree = "<group>";
		};
		98FC0FBE21B8883500B7DD5F /* Extensions */ = {
			isa = PBXGroup;
			children = (
				98FC0FBF21B8884300B7DD5F /* UIView+Ext.swift */,
				987F75F321BDE2DD0080A92F /* UIViewController+Ext.swift */,
				98E0E82321B8C02300451A2B /* Observable+Ext.swift */,
				983C5CBA21BF145200EC20FF /* UITableView+Ext.swift */,
				98007ADC21C8085300B75454 /* UINavigationController+Ext.swift */,
				986F2FB121D0652700F12315 /* UIImageView+Ext.swift */,
			);
			path = Extensions;
			sourceTree = "<group>";
		};
		FE569D49775A2EA7A8E414FB /* Frameworks */ = {
			isa = PBXGroup;
			children = (
			);
			name = Frameworks;
			sourceTree = "<group>";
		};
/* End PBXGroup section */

/* Begin PBXNativeTarget section */
		989B5E4521B76C5800E0D31B /* GrailedExample */ = {
			isa = PBXNativeTarget;
			buildConfigurationList = 989B5E6E21B76C5A00E0D31B /* Build configuration list for PBXNativeTarget "GrailedExample" */;
			buildPhases = (
				8CCEBCA664C2D9E034A3031D /* [CP] Check Pods Manifest.lock */,
				989B5E4221B76C5800E0D31B /* Sources */,
				989B5E4321B76C5800E0D31B /* Frameworks */,
				989B5E4421B76C5800E0D31B /* Resources */,
				4614D42DC84CF89C13216F92 /* [CP] Embed Pods Frameworks */,
			);
			buildRules = (
			);
			dependencies = (
			);
			name = GrailedExample;
			productName = GrailedExample;
			productReference = 989B5E4621B76C5800E0D31B /* GrailedExample.app */;
			productType = "com.apple.product-type.application";
		};
		989B5E5921B76C5A00E0D31B /* GrailedExampleTests */ = {
			isa = PBXNativeTarget;
			buildConfigurationList = 989B5E7121B76C5A00E0D31B /* Build configuration list for PBXNativeTarget "GrailedExampleTests" */;
			buildPhases = (
				A75A1C112B0ACD75C2C52801 /* [CP] Check Pods Manifest.lock */,
				989B5E5621B76C5A00E0D31B /* Sources */,
				989B5E5721B76C5A00E0D31B /* Frameworks */,
				989B5E5821B76C5A00E0D31B /* Resources */,
				0E6DBB92F00AF5B732E48ED4 /* [CP] Embed Pods Frameworks */,
			);
			buildRules = (
			);
			dependencies = (
				989B5E5C21B76C5A00E0D31B /* PBXTargetDependency */,
			);
			name = GrailedExampleTests;
			productName = GrailedExampleTests;
			productReference = 989B5E5A21B76C5A00E0D31B /* GrailedExampleTests.xctest */;
			productType = "com.apple.product-type.bundle.unit-test";
		};
/* End PBXNativeTarget section */

/* Begin PBXProject section */
		989B5E3E21B76C5800E0D31B /* Project object */ = {
			isa = PBXProject;
			attributes = {
				LastSwiftUpdateCheck = 1010;
				LastUpgradeCheck = 1010;
				ORGANIZATIONNAME = "Cluk Labs";
				TargetAttributes = {
					989B5E4521B76C5800E0D31B = {
						CreatedOnToolsVersion = 10.1;
					};
					989B5E5921B76C5A00E0D31B = {
						CreatedOnToolsVersion = 10.1;
						TestTargetID = 989B5E4521B76C5800E0D31B;
					};
				};
			};
			buildConfigurationList = 989B5E4121B76C5800E0D31B /* Build configuration list for PBXProject "GrailedExample" */;
			compatibilityVersion = "Xcode 9.3";
			developmentRegion = en;
			hasScannedForEncodings = 0;
			knownRegions = (
				en,
				Base,
			);
			mainGroup = 989B5E3D21B76C5800E0D31B;
			productRefGroup = 989B5E4721B76C5800E0D31B /* Products */;
			projectDirPath = "";
			projectRoot = "";
			targets = (
				989B5E4521B76C5800E0D31B /* GrailedExample */,
				989B5E5921B76C5A00E0D31B /* GrailedExampleTests */,
			);
		};
/* End PBXProject section */

/* Begin PBXResourcesBuildPhase section */
		989B5E4421B76C5800E0D31B /* Resources */ = {
			isa = PBXResourcesBuildPhase;
			buildActionMask = 2147483647;
			files = (
				989B5E5421B76C5A00E0D31B /* LaunchScreen.storyboard in Resources */,
				986F2FB521D0748200F12315 /* Localizable.strings in Resources */,
				989B5E5121B76C5A00E0D31B /* Assets.xcassets in Resources */,
			);
			runOnlyForDeploymentPostprocessing = 0;
		};
		989B5E5821B76C5A00E0D31B /* Resources */ = {
			isa = PBXResourcesBuildPhase;
			buildActionMask = 2147483647;
			files = (
			);
			runOnlyForDeploymentPostprocessing = 0;
		};
/* End PBXResourcesBuildPhase section */

/* Begin PBXShellScriptBuildPhase section */
		0E6DBB92F00AF5B732E48ED4 /* [CP] Embed Pods Frameworks */ = {
			isa = PBXShellScriptBuildPhase;
			buildActionMask = 2147483647;
			files = (
			);
			inputPaths = (
				"${SRCROOT}/Pods/Target Support Files/Pods-GrailedExample-GrailedExampleTests/Pods-GrailedExample-GrailedExampleTests-frameworks.sh",
				"${BUILT_PRODUCTS_DIR}/Alamofire/Alamofire.framework",
				"${BUILT_PRODUCTS_DIR}/Differentiator/Differentiator.framework",
				"${BUILT_PRODUCTS_DIR}/Kingfisher/Kingfisher.framework",
				"${BUILT_PRODUCTS_DIR}/RxAlamofire/RxAlamofire.framework",
				"${BUILT_PRODUCTS_DIR}/RxAtomic/RxAtomic.framework",
				"${BUILT_PRODUCTS_DIR}/RxCocoa/RxCocoa.framework",
				"${BUILT_PRODUCTS_DIR}/RxDataSources/RxDataSources.framework",
				"${BUILT_PRODUCTS_DIR}/RxOptional/RxOptional.framework",
				"${BUILT_PRODUCTS_DIR}/RxSwift/RxSwift.framework",
				"${BUILT_PRODUCTS_DIR}/RxSwiftExt/RxSwiftExt.framework",
				"${BUILT_PRODUCTS_DIR}/RxBlocking/RxBlocking.framework",
				"${BUILT_PRODUCTS_DIR}/RxTest/RxTest.framework",
			);
			name = "[CP] Embed Pods Frameworks";
			outputPaths = (
				"${TARGET_BUILD_DIR}/${FRAMEWORKS_FOLDER_PATH}/Alamofire.framework",
				"${TARGET_BUILD_DIR}/${FRAMEWORKS_FOLDER_PATH}/Differentiator.framework",
				"${TARGET_BUILD_DIR}/${FRAMEWORKS_FOLDER_PATH}/Kingfisher.framework",
				"${TARGET_BUILD_DIR}/${FRAMEWORKS_FOLDER_PATH}/RxAlamofire.framework",
				"${TARGET_BUILD_DIR}/${FRAMEWORKS_FOLDER_PATH}/RxAtomic.framework",
				"${TARGET_BUILD_DIR}/${FRAMEWORKS_FOLDER_PATH}/RxCocoa.framework",
				"${TARGET_BUILD_DIR}/${FRAMEWORKS_FOLDER_PATH}/RxDataSources.framework",
				"${TARGET_BUILD_DIR}/${FRAMEWORKS_FOLDER_PATH}/RxOptional.framework",
				"${TARGET_BUILD_DIR}/${FRAMEWORKS_FOLDER_PATH}/RxSwift.framework",
				"${TARGET_BUILD_DIR}/${FRAMEWORKS_FOLDER_PATH}/RxSwiftExt.framework",
				"${TARGET_BUILD_DIR}/${FRAMEWORKS_FOLDER_PATH}/RxBlocking.framework",
				"${TARGET_BUILD_DIR}/${FRAMEWORKS_FOLDER_PATH}/RxTest.framework",
			);
			runOnlyForDeploymentPostprocessing = 0;
			shellPath = /bin/sh;
			shellScript = "\"${SRCROOT}/Pods/Target Support Files/Pods-GrailedExample-GrailedExampleTests/Pods-GrailedExample-GrailedExampleTests-frameworks.sh\"\n";
			showEnvVarsInLog = 0;
		};
		4614D42DC84CF89C13216F92 /* [CP] Embed Pods Frameworks */ = {
			isa = PBXShellScriptBuildPhase;
			buildActionMask = 2147483647;
			files = (
			);
			inputPaths = (
				"${SRCROOT}/Pods/Target Support Files/Pods-GrailedExample/Pods-GrailedExample-frameworks.sh",
				"${BUILT_PRODUCTS_DIR}/Alamofire/Alamofire.framework",
				"${BUILT_PRODUCTS_DIR}/Differentiator/Differentiator.framework",
				"${BUILT_PRODUCTS_DIR}/Kingfisher/Kingfisher.framework",
				"${BUILT_PRODUCTS_DIR}/RxAlamofire/RxAlamofire.framework",
				"${BUILT_PRODUCTS_DIR}/RxAtomic/RxAtomic.framework",
				"${BUILT_PRODUCTS_DIR}/RxCocoa/RxCocoa.framework",
				"${BUILT_PRODUCTS_DIR}/RxDataSources/RxDataSources.framework",
				"${BUILT_PRODUCTS_DIR}/RxOptional/RxOptional.framework",
				"${BUILT_PRODUCTS_DIR}/RxSwift/RxSwift.framework",
				"${BUILT_PRODUCTS_DIR}/RxSwiftExt/RxSwiftExt.framework",
			);
			name = "[CP] Embed Pods Frameworks";
			outputPaths = (
				"${TARGET_BUILD_DIR}/${FRAMEWORKS_FOLDER_PATH}/Alamofire.framework",
				"${TARGET_BUILD_DIR}/${FRAMEWORKS_FOLDER_PATH}/Differentiator.framework",
				"${TARGET_BUILD_DIR}/${FRAMEWORKS_FOLDER_PATH}/Kingfisher.framework",
				"${TARGET_BUILD_DIR}/${FRAMEWORKS_FOLDER_PATH}/RxAlamofire.framework",
				"${TARGET_BUILD_DIR}/${FRAMEWORKS_FOLDER_PATH}/RxAtomic.framework",
				"${TARGET_BUILD_DIR}/${FRAMEWORKS_FOLDER_PATH}/RxCocoa.framework",
				"${TARGET_BUILD_DIR}/${FRAMEWORKS_FOLDER_PATH}/RxDataSources.framework",
				"${TARGET_BUILD_DIR}/${FRAMEWORKS_FOLDER_PATH}/RxOptional.framework",
				"${TARGET_BUILD_DIR}/${FRAMEWORKS_FOLDER_PATH}/RxSwift.framework",
				"${TARGET_BUILD_DIR}/${FRAMEWORKS_FOLDER_PATH}/RxSwiftExt.framework",
			);
			runOnlyForDeploymentPostprocessing = 0;
			shellPath = /bin/sh;
			shellScript = "\"${SRCROOT}/Pods/Target Support Files/Pods-GrailedExample/Pods-GrailedExample-frameworks.sh\"\n";
			showEnvVarsInLog = 0;
		};
		8CCEBCA664C2D9E034A3031D /* [CP] Check Pods Manifest.lock */ = {
			isa = PBXShellScriptBuildPhase;
			buildActionMask = 2147483647;
			files = (
			);
			inputPaths = (
				"${PODS_PODFILE_DIR_PATH}/Podfile.lock",
				"${PODS_ROOT}/Manifest.lock",
			);
			name = "[CP] Check Pods Manifest.lock";
			outputPaths = (
				"$(DERIVED_FILE_DIR)/Pods-GrailedExample-checkManifestLockResult.txt",
			);
			runOnlyForDeploymentPostprocessing = 0;
			shellPath = /bin/sh;
			shellScript = "diff \"${PODS_PODFILE_DIR_PATH}/Podfile.lock\" \"${PODS_ROOT}/Manifest.lock\" > /dev/null\nif [ $? != 0 ] ; then\n    # print error to STDERR\n    echo \"error: The sandbox is not in sync with the Podfile.lock. Run 'pod install' or update your CocoaPods installation.\" >&2\n    exit 1\nfi\n# This output is used by Xcode 'outputs' to avoid re-running this script phase.\necho \"SUCCESS\" > \"${SCRIPT_OUTPUT_FILE_0}\"\n";
			showEnvVarsInLog = 0;
		};
		A75A1C112B0ACD75C2C52801 /* [CP] Check Pods Manifest.lock */ = {
			isa = PBXShellScriptBuildPhase;
			buildActionMask = 2147483647;
			files = (
			);
			inputPaths = (
				"${PODS_PODFILE_DIR_PATH}/Podfile.lock",
				"${PODS_ROOT}/Manifest.lock",
			);
			name = "[CP] Check Pods Manifest.lock";
			outputPaths = (
				"$(DERIVED_FILE_DIR)/Pods-GrailedExample-GrailedExampleTests-checkManifestLockResult.txt",
			);
			runOnlyForDeploymentPostprocessing = 0;
			shellPath = /bin/sh;
			shellScript = "diff \"${PODS_PODFILE_DIR_PATH}/Podfile.lock\" \"${PODS_ROOT}/Manifest.lock\" > /dev/null\nif [ $? != 0 ] ; then\n    # print error to STDERR\n    echo \"error: The sandbox is not in sync with the Podfile.lock. Run 'pod install' or update your CocoaPods installation.\" >&2\n    exit 1\nfi\n# This output is used by Xcode 'outputs' to avoid re-running this script phase.\necho \"SUCCESS\" > \"${SCRIPT_OUTPUT_FILE_0}\"\n";
			showEnvVarsInLog = 0;
		};
/* End PBXShellScriptBuildPhase section */

/* Begin PBXSourcesBuildPhase section */
		989B5E4221B76C5800E0D31B /* Sources */ = {
			isa = PBXSourcesBuildPhase;
			buildActionMask = 2147483647;
			files = (
				98FC0FB721B869C800B7DD5F /* HomeTabBarCoordinator.swift in Sources */,
				985D0DA821C7125F00384958 /* SegmentedControlView.swift in Sources */,
				983C5CBB21BF145200EC20FF /* UITableView+Ext.swift in Sources */,
				987F75F821BDE5E30080A92F /* LoadingIndicatable.swift in Sources */,
				98E0E82B21B8CE5700451A2B /* GrailedError.swift in Sources */,
				987F75F421BDE2DD0080A92F /* UIViewController+Ext.swift in Sources */,
				987F75E421BDC5740080A92F /* LoadingCell.swift in Sources */,
				98E0E82721B8C54800451A2B /* NetworkError.swift in Sources */,
				989B5E4A21B76C5800E0D31B /* AppDelegate.swift in Sources */,
				982562DD21C9677C00FBAEC7 /* SearchDetailViewModel.swift in Sources */,
				98EBB3E321BA1DB900F69CB4 /* ArticleListSection.swift in Sources */,
				98E1B99521D1E0D600498583 /* SettingsCoordinator.swift in Sources */,
				98E0E82221B8BF4400451A2B /* Network.swift in Sources */,
				98E0E82421B8C02300451A2B /* Observable+Ext.swift in Sources */,
				98E0E82F21B8D02800451A2B /* ErrorTracker.swift in Sources */,
				98FC0FC021B8884300B7DD5F /* UIView+Ext.swift in Sources */,
				98FC0FBD21B87BBB00B7DD5F /* Article.swift in Sources */,
				987F75E221BDC1F20080A92F /* ImageLabelsCell.swift in Sources */,
				98FC0FB521B868BE00B7DD5F /* ArticleListCoordinator.swift in Sources */,
				98E0E82D21B8CFAF00451A2B /* ActivityTracker.swift in Sources */,
				987F75EE21BDD8A20080A92F /* SearchListViewModel.swift in Sources */,
				98E1B98921D1D7ED00498583 /* User.swift in Sources */,
				980987C821E433BC00DBFE56 /* Localizable.swift in Sources */,
				989B5E7A21B76D7800E0D31B /* ArticleListViewModel.swift in Sources */,
				986F2FB221D0652700F12315 /* UIImageView+Ext.swift in Sources */,
				98FC0FB921B86E3300B7DD5F /* SearchListCoordinator.swift in Sources */,
				98FC0FB321B8688400B7DD5F /* AppCoordinator.swift in Sources */,
				987F75F021BDD9D70080A92F /* SavedSearchNetwork.swift in Sources */,
				98562FAF21BDB82200938364 /* ImageLabelsView.swift in Sources */,
				98E1B98C21D1DAFA00498583 /* SettingsViewModel.swift in Sources */,
				98EBB3E121BA128B00F69CB4 /* NetworkActivityLogger.swift in Sources */,
				987F75E921BDCD8A0080A92F /* MetaData.swift in Sources */,
				98E1B99321D1DF2500498583 /* LoginCoordinator.swift in Sources */,
				98E1B98721D1D4C400498583 /* UserNetwork.swift in Sources */,
				98007AE421C8ABB200B75454 /* SearchDetailViewController.swift in Sources */,
				98F9122B21C3416100FD8810 /* GlobalFunctions.swift in Sources */,
				989B5E7821B76D6800E0D31B /* ArticleListViewController.swift in Sources */,
				98F12F3D21CB40F1003C4697 /* Theme.swift in Sources */,
				98007ADD21C8085300B75454 /* UINavigationController+Ext.swift in Sources */,
				98E0E83221B8D0AD00451A2B /* ArticlesNetwork.swift in Sources */,
				98E1B98F21D1DE2C00498583 /* LoginViewController.swift in Sources */,
				98FC0FC221B88B6C00B7DD5F /* BindableType.swift in Sources */,
				986ED9BE21BF5DC7008BD0AD /* Storage.swift in Sources */,
				98F12F3F21CB4ABC003C4697 /* SettingsViewController.swift in Sources */,
				985D0DAA21C712C700384958 /* ButtonStyle.swift in Sources */,
				98FC0FB021B8681500B7DD5F /* BaseCoordinator.swift in Sources */,
				98E1B99121D1DE3A00498583 /* LoginViewModel.swift in Sources */,
				987F75E721BDCC8F0080A92F /* Constants.swift in Sources */,
				98007ADF21C8838F00B75454 /* SegmentedControlView+Rx.swift in Sources */,
				980987C321E4302400DBFE56 /* Environment.swift in Sources */,
				98007AE121C8854800B75454 /* SegmentedPageViewController.swift in Sources */,
				987F75EC21BDD83F0080A92F /* SavedSearch.swift in Sources */,
				987F75F621BDE3E30080A92F /* LoadingView.swift in Sources */,
				987F75F221BDDB510080A92F /* SearchListViewController.swift in Sources */,
			);
			runOnlyForDeploymentPostprocessing = 0;
		};
		989B5E5621B76C5A00E0D31B /* Sources */ = {
			isa = PBXSourcesBuildPhase;
			buildActionMask = 2147483647;
			files = (
				989B5E5F21B76C5A00E0D31B /* GrailedExampleTests.swift in Sources */,
				981DAEDC21E584FC00B638B0 /* Environment.swift in Sources */,
				980987C921E433BC00DBFE56 /* Localizable.swift in Sources */,
				986925F121D7C3DE0020C067 /* ArticleListViewModelTests.swift in Sources */,
			);
			runOnlyForDeploymentPostprocessing = 0;
		};
/* End PBXSourcesBuildPhase section */

/* Begin PBXTargetDependency section */
		989B5E5C21B76C5A00E0D31B /* PBXTargetDependency */ = {
			isa = PBXTargetDependency;
			target = 989B5E4521B76C5800E0D31B /* GrailedExample */;
			targetProxy = 989B5E5B21B76C5A00E0D31B /* PBXContainerItemProxy */;
		};
/* End PBXTargetDependency section */

/* Begin PBXVariantGroup section */
		986F2FB721D0748200F12315 /* Localizable.strings */ = {
			isa = PBXVariantGroup;
			children = (
				986F2FB621D0748200F12315 /* en */,
			);
			name = Localizable.strings;
			sourceTree = "<group>";
		};
		989B5E5221B76C5A00E0D31B /* LaunchScreen.storyboard */ = {
			isa = PBXVariantGroup;
			children = (
				989B5E5321B76C5A00E0D31B /* Base */,
			);
			name = LaunchScreen.storyboard;
			sourceTree = "<group>";
		};
/* End PBXVariantGroup section */

/* Begin XCBuildConfiguration section */
		989B5E6C21B76C5A00E0D31B /* Debug (Development) */ = {
			isa = XCBuildConfiguration;
			buildSettings = {
				ALWAYS_SEARCH_USER_PATHS = NO;
				CLANG_ANALYZER_NONNULL = YES;
				CLANG_ANALYZER_NUMBER_OBJECT_CONVERSION = YES_AGGRESSIVE;
				CLANG_CXX_LANGUAGE_STANDARD = "gnu++14";
				CLANG_CXX_LIBRARY = "libc++";
				CLANG_ENABLE_MODULES = YES;
				CLANG_ENABLE_OBJC_ARC = YES;
				CLANG_ENABLE_OBJC_WEAK = YES;
				CLANG_WARN_BLOCK_CAPTURE_AUTORELEASING = YES;
				CLANG_WARN_BOOL_CONVERSION = YES;
				CLANG_WARN_COMMA = YES;
				CLANG_WARN_CONSTANT_CONVERSION = YES;
				CLANG_WARN_DEPRECATED_OBJC_IMPLEMENTATIONS = YES;
				CLANG_WARN_DIRECT_OBJC_ISA_USAGE = YES_ERROR;
				CLANG_WARN_DOCUMENTATION_COMMENTS = YES;
				CLANG_WARN_EMPTY_BODY = YES;
				CLANG_WARN_ENUM_CONVERSION = YES;
				CLANG_WARN_INFINITE_RECURSION = YES;
				CLANG_WARN_INT_CONVERSION = YES;
				CLANG_WARN_NON_LITERAL_NULL_CONVERSION = YES;
				CLANG_WARN_OBJC_IMPLICIT_RETAIN_SELF = YES;
				CLANG_WARN_OBJC_LITERAL_CONVERSION = YES;
				CLANG_WARN_OBJC_ROOT_CLASS = YES_ERROR;
				CLANG_WARN_RANGE_LOOP_ANALYSIS = YES;
				CLANG_WARN_STRICT_PROTOTYPES = YES;
				CLANG_WARN_SUSPICIOUS_MOVE = YES;
				CLANG_WARN_UNGUARDED_AVAILABILITY = YES_AGGRESSIVE;
				CLANG_WARN_UNREACHABLE_CODE = YES;
				CLANG_WARN__DUPLICATE_METHOD_MATCH = YES;
				CODE_SIGN_IDENTITY = "iPhone Developer";
				COPY_PHASE_STRIP = NO;
				DEBUG_INFORMATION_FORMAT = dwarf;
				ENABLE_STRICT_OBJC_MSGSEND = YES;
				ENABLE_TESTABILITY = YES;
				GCC_C_LANGUAGE_STANDARD = gnu11;
				GCC_DYNAMIC_NO_PIC = NO;
				GCC_NO_COMMON_BLOCKS = YES;
				GCC_OPTIMIZATION_LEVEL = 0;
				GCC_PREPROCESSOR_DEFINITIONS = (
					"DEBUG=1",
					"$(inherited)",
				);
				GCC_WARN_64_TO_32_BIT_CONVERSION = YES;
				GCC_WARN_ABOUT_RETURN_TYPE = YES_ERROR;
				GCC_WARN_UNDECLARED_SELECTOR = YES;
				GCC_WARN_UNINITIALIZED_AUTOS = YES_AGGRESSIVE;
				GCC_WARN_UNUSED_FUNCTION = YES;
				GCC_WARN_UNUSED_VARIABLE = YES;
				IPHONEOS_DEPLOYMENT_TARGET = 11.0;
				MTL_ENABLE_DEBUG_INFO = INCLUDE_SOURCE;
				MTL_FAST_MATH = YES;
				ONLY_ACTIVE_ARCH = YES;
				SDKROOT = iphoneos;
				SWIFT_ACTIVE_COMPILATION_CONDITIONS = DEBUG;
				SWIFT_OPTIMIZATION_LEVEL = "-Onone";
			};
			name = "Debug (Development)";
		};
		989B5E6D21B76C5A00E0D31B /* Release (Development) */ = {
			isa = XCBuildConfiguration;
			buildSettings = {
				ALWAYS_SEARCH_USER_PATHS = NO;
				CLANG_ANALYZER_NONNULL = YES;
				CLANG_ANALYZER_NUMBER_OBJECT_CONVERSION = YES_AGGRESSIVE;
				CLANG_CXX_LANGUAGE_STANDARD = "gnu++14";
				CLANG_CXX_LIBRARY = "libc++";
				CLANG_ENABLE_MODULES = YES;
				CLANG_ENABLE_OBJC_ARC = YES;
				CLANG_ENABLE_OBJC_WEAK = YES;
				CLANG_WARN_BLOCK_CAPTURE_AUTORELEASING = YES;
				CLANG_WARN_BOOL_CONVERSION = YES;
				CLANG_WARN_COMMA = YES;
				CLANG_WARN_CONSTANT_CONVERSION = YES;
				CLANG_WARN_DEPRECATED_OBJC_IMPLEMENTATIONS = YES;
				CLANG_WARN_DIRECT_OBJC_ISA_USAGE = YES_ERROR;
				CLANG_WARN_DOCUMENTATION_COMMENTS = YES;
				CLANG_WARN_EMPTY_BODY = YES;
				CLANG_WARN_ENUM_CONVERSION = YES;
				CLANG_WARN_INFINITE_RECURSION = YES;
				CLANG_WARN_INT_CONVERSION = YES;
				CLANG_WARN_NON_LITERAL_NULL_CONVERSION = YES;
				CLANG_WARN_OBJC_IMPLICIT_RETAIN_SELF = YES;
				CLANG_WARN_OBJC_LITERAL_CONVERSION = YES;
				CLANG_WARN_OBJC_ROOT_CLASS = YES_ERROR;
				CLANG_WARN_RANGE_LOOP_ANALYSIS = YES;
				CLANG_WARN_STRICT_PROTOTYPES = YES;
				CLANG_WARN_SUSPICIOUS_MOVE = YES;
				CLANG_WARN_UNGUARDED_AVAILABILITY = YES_AGGRESSIVE;
				CLANG_WARN_UNREACHABLE_CODE = YES;
				CLANG_WARN__DUPLICATE_METHOD_MATCH = YES;
				CODE_SIGN_IDENTITY = "iPhone Developer";
				COPY_PHASE_STRIP = NO;
				DEBUG_INFORMATION_FORMAT = "dwarf-with-dsym";
				ENABLE_NS_ASSERTIONS = NO;
				ENABLE_STRICT_OBJC_MSGSEND = YES;
				GCC_C_LANGUAGE_STANDARD = gnu11;
				GCC_NO_COMMON_BLOCKS = YES;
				GCC_WARN_64_TO_32_BIT_CONVERSION = YES;
				GCC_WARN_ABOUT_RETURN_TYPE = YES_ERROR;
				GCC_WARN_UNDECLARED_SELECTOR = YES;
				GCC_WARN_UNINITIALIZED_AUTOS = YES_AGGRESSIVE;
				GCC_WARN_UNUSED_FUNCTION = YES;
				GCC_WARN_UNUSED_VARIABLE = YES;
				IPHONEOS_DEPLOYMENT_TARGET = 11.0;
				MTL_ENABLE_DEBUG_INFO = NO;
				MTL_FAST_MATH = YES;
				SDKROOT = iphoneos;
				SWIFT_COMPILATION_MODE = wholemodule;
				SWIFT_OPTIMIZATION_LEVEL = "-O";
				VALIDATE_PRODUCT = YES;
			};
			name = "Release (Development)";
		};
		989B5E6F21B76C5A00E0D31B /* Debug (Development) */ = {
			isa = XCBuildConfiguration;
			baseConfigurationReference = 98EC099521E41EF00077F007 /* Development.xcconfig */;
			buildSettings = {
				ASSETCATALOG_COMPILER_APPICON_NAME = AppIcon;
				CODE_SIGN_STYLE = Automatic;
				DEVELOPMENT_TEAM = 26Z24PM6F7;
				INFOPLIST_FILE = GrailedExample/Info.plist;
				IPHONEOS_DEPLOYMENT_TARGET = 11.0;
				LD_RUNPATH_SEARCH_PATHS = (
					"$(inherited)",
					"@executable_path/Frameworks",
				);
				PRODUCT_BUNDLE_IDENTIFIER = clukLabs.GrailedExample;
				PRODUCT_NAME = "$(TARGET_NAME)";
				SWIFT_VERSION = 4.2;
				TARGETED_DEVICE_FAMILY = "1,2";
			};
			name = "Debug (Development)";
		};
		989B5E7021B76C5A00E0D31B /* Release (Development) */ = {
			isa = XCBuildConfiguration;
			baseConfigurationReference = 98EC099521E41EF00077F007 /* Development.xcconfig */;
			buildSettings = {
				ASSETCATALOG_COMPILER_APPICON_NAME = AppIcon;
				CODE_SIGN_STYLE = Automatic;
				DEVELOPMENT_TEAM = 26Z24PM6F7;
				INFOPLIST_FILE = GrailedExample/Info.plist;
				IPHONEOS_DEPLOYMENT_TARGET = 11.0;
				LD_RUNPATH_SEARCH_PATHS = (
					"$(inherited)",
					"@executable_path/Frameworks",
				);
				PRODUCT_BUNDLE_IDENTIFIER = clukLabs.GrailedExample;
				PRODUCT_NAME = "$(TARGET_NAME)";
				SWIFT_VERSION = 4.2;
				TARGETED_DEVICE_FAMILY = "1,2";
			};
			name = "Release (Development)";
		};
		989B5E7221B76C5A00E0D31B /* Debug (Development) */ = {
			isa = XCBuildConfiguration;
			baseConfigurationReference = 5DB827332C856330396C5FB3 /* Pods-GrailedExample-GrailedExampleTests.debug (development).xcconfig */;
			buildSettings = {
				BUNDLE_LOADER = "$(TEST_HOST)";
				CODE_SIGN_STYLE = Automatic;
				DEVELOPMENT_TEAM = 26Z24PM6F7;
				INFOPLIST_FILE = GrailedExampleTests/Info.plist;
				LD_RUNPATH_SEARCH_PATHS = (
					"$(inherited)",
					"@executable_path/Frameworks",
					"@loader_path/Frameworks",
				);
				PRODUCT_BUNDLE_IDENTIFIER = clukLabs.GrailedExampleTests;
				PRODUCT_NAME = "$(TARGET_NAME)";
				SWIFT_VERSION = 4.2;
				TARGETED_DEVICE_FAMILY = "1,2";
				TEST_HOST = "$(BUILT_PRODUCTS_DIR)/GrailedExample.app/GrailedExample";
			};
			name = "Debug (Development)";
		};
		989B5E7321B76C5A00E0D31B /* Release (Development) */ = {
			isa = XCBuildConfiguration;
			baseConfigurationReference = AADE42D7BCC0BEECCD80C7AF /* Pods-GrailedExample-GrailedExampleTests.release (development).xcconfig */;
			buildSettings = {
				BUNDLE_LOADER = "$(TEST_HOST)";
				CODE_SIGN_STYLE = Automatic;
				DEVELOPMENT_TEAM = 26Z24PM6F7;
				INFOPLIST_FILE = GrailedExampleTests/Info.plist;
				LD_RUNPATH_SEARCH_PATHS = (
					"$(inherited)",
					"@executable_path/Frameworks",
					"@loader_path/Frameworks",
				);
				PRODUCT_BUNDLE_IDENTIFIER = clukLabs.GrailedExampleTests;
				PRODUCT_NAME = "$(TARGET_NAME)";
				SWIFT_VERSION = 4.2;
				TARGETED_DEVICE_FAMILY = "1,2";
				TEST_HOST = "$(BUILT_PRODUCTS_DIR)/GrailedExample.app/GrailedExample";
			};
			name = "Release (Development)";
		};
		98EC098421E41D780077F007 /* Debug (Staging) */ = {
			isa = XCBuildConfiguration;
			buildSettings = {
				ALWAYS_SEARCH_USER_PATHS = NO;
				CLANG_ANALYZER_NONNULL = YES;
				CLANG_ANALYZER_NUMBER_OBJECT_CONVERSION = YES_AGGRESSIVE;
				CLANG_CXX_LANGUAGE_STANDARD = "gnu++14";
				CLANG_CXX_LIBRARY = "libc++";
				CLANG_ENABLE_MODULES = YES;
				CLANG_ENABLE_OBJC_ARC = YES;
				CLANG_ENABLE_OBJC_WEAK = YES;
				CLANG_WARN_BLOCK_CAPTURE_AUTORELEASING = YES;
				CLANG_WARN_BOOL_CONVERSION = YES;
				CLANG_WARN_COMMA = YES;
				CLANG_WARN_CONSTANT_CONVERSION = YES;
				CLANG_WARN_DEPRECATED_OBJC_IMPLEMENTATIONS = YES;
				CLANG_WARN_DIRECT_OBJC_ISA_USAGE = YES_ERROR;
				CLANG_WARN_DOCUMENTATION_COMMENTS = YES;
				CLANG_WARN_EMPTY_BODY = YES;
				CLANG_WARN_ENUM_CONVERSION = YES;
				CLANG_WARN_INFINITE_RECURSION = YES;
				CLANG_WARN_INT_CONVERSION = YES;
				CLANG_WARN_NON_LITERAL_NULL_CONVERSION = YES;
				CLANG_WARN_OBJC_IMPLICIT_RETAIN_SELF = YES;
				CLANG_WARN_OBJC_LITERAL_CONVERSION = YES;
				CLANG_WARN_OBJC_ROOT_CLASS = YES_ERROR;
				CLANG_WARN_RANGE_LOOP_ANALYSIS = YES;
				CLANG_WARN_STRICT_PROTOTYPES = YES;
				CLANG_WARN_SUSPICIOUS_MOVE = YES;
				CLANG_WARN_UNGUARDED_AVAILABILITY = YES_AGGRESSIVE;
				CLANG_WARN_UNREACHABLE_CODE = YES;
				CLANG_WARN__DUPLICATE_METHOD_MATCH = YES;
				CODE_SIGN_IDENTITY = "iPhone Developer";
				COPY_PHASE_STRIP = NO;
				DEBUG_INFORMATION_FORMAT = dwarf;
				ENABLE_STRICT_OBJC_MSGSEND = YES;
				ENABLE_TESTABILITY = YES;
				GCC_C_LANGUAGE_STANDARD = gnu11;
				GCC_DYNAMIC_NO_PIC = NO;
				GCC_NO_COMMON_BLOCKS = YES;
				GCC_OPTIMIZATION_LEVEL = 0;
				GCC_PREPROCESSOR_DEFINITIONS = (
					"DEBUG=1",
					"$(inherited)",
				);
				GCC_WARN_64_TO_32_BIT_CONVERSION = YES;
				GCC_WARN_ABOUT_RETURN_TYPE = YES_ERROR;
				GCC_WARN_UNDECLARED_SELECTOR = YES;
				GCC_WARN_UNINITIALIZED_AUTOS = YES_AGGRESSIVE;
				GCC_WARN_UNUSED_FUNCTION = YES;
				GCC_WARN_UNUSED_VARIABLE = YES;
				IPHONEOS_DEPLOYMENT_TARGET = 11.0;
				MTL_ENABLE_DEBUG_INFO = INCLUDE_SOURCE;
				MTL_FAST_MATH = YES;
				ONLY_ACTIVE_ARCH = YES;
				SDKROOT = iphoneos;
				SWIFT_ACTIVE_COMPILATION_CONDITIONS = DEBUG;
				SWIFT_OPTIMIZATION_LEVEL = "-Onone";
			};
			name = "Debug (Staging)";
		};
		98EC098521E41D780077F007 /* Debug (Staging) */ = {
			isa = XCBuildConfiguration;
			baseConfigurationReference = 98EC099621E420450077F007 /* Staging.xcconfig */;
			buildSettings = {
				ASSETCATALOG_COMPILER_APPICON_NAME = AppIcon;
				CODE_SIGN_STYLE = Automatic;
				DEVELOPMENT_TEAM = 26Z24PM6F7;
				INFOPLIST_FILE = GrailedExample/Info.plist;
				IPHONEOS_DEPLOYMENT_TARGET = 11.0;
				LD_RUNPATH_SEARCH_PATHS = (
					"$(inherited)",
					"@executable_path/Frameworks",
				);
				PRODUCT_BUNDLE_IDENTIFIER = clukLabs.GrailedExample;
				PRODUCT_NAME = "$(TARGET_NAME)";
				SWIFT_VERSION = 4.2;
				TARGETED_DEVICE_FAMILY = "1,2";
			};
			name = "Debug (Staging)";
		};
		98EC098621E41D780077F007 /* Debug (Staging) */ = {
			isa = XCBuildConfiguration;
			baseConfigurationReference = 2BC8C2C7453A854F541B21BA /* Pods-GrailedExample-GrailedExampleTests.debug (staging).xcconfig */;
			buildSettings = {
				BUNDLE_LOADER = "$(TEST_HOST)";
				CODE_SIGN_STYLE = Automatic;
				DEVELOPMENT_TEAM = 26Z24PM6F7;
				INFOPLIST_FILE = GrailedExampleTests/Info.plist;
				LD_RUNPATH_SEARCH_PATHS = (
					"$(inherited)",
					"@executable_path/Frameworks",
					"@loader_path/Frameworks",
				);
				PRODUCT_BUNDLE_IDENTIFIER = clukLabs.GrailedExampleTests;
				PRODUCT_NAME = "$(TARGET_NAME)";
				SWIFT_VERSION = 4.2;
				TARGETED_DEVICE_FAMILY = "1,2";
				TEST_HOST = "$(BUILT_PRODUCTS_DIR)/GrailedExample.app/GrailedExample";
			};
			name = "Debug (Staging)";
		};
		98EC098821E41D8D0077F007 /* Debug (Production) */ = {
			isa = XCBuildConfiguration;
			buildSettings = {
				ALWAYS_SEARCH_USER_PATHS = NO;
				CLANG_ANALYZER_NONNULL = YES;
				CLANG_ANALYZER_NUMBER_OBJECT_CONVERSION = YES_AGGRESSIVE;
				CLANG_CXX_LANGUAGE_STANDARD = "gnu++14";
				CLANG_CXX_LIBRARY = "libc++";
				CLANG_ENABLE_MODULES = YES;
				CLANG_ENABLE_OBJC_ARC = YES;
				CLANG_ENABLE_OBJC_WEAK = YES;
				CLANG_WARN_BLOCK_CAPTURE_AUTORELEASING = YES;
				CLANG_WARN_BOOL_CONVERSION = YES;
				CLANG_WARN_COMMA = YES;
				CLANG_WARN_CONSTANT_CONVERSION = YES;
				CLANG_WARN_DEPRECATED_OBJC_IMPLEMENTATIONS = YES;
				CLANG_WARN_DIRECT_OBJC_ISA_USAGE = YES_ERROR;
				CLANG_WARN_DOCUMENTATION_COMMENTS = YES;
				CLANG_WARN_EMPTY_BODY = YES;
				CLANG_WARN_ENUM_CONVERSION = YES;
				CLANG_WARN_INFINITE_RECURSION = YES;
				CLANG_WARN_INT_CONVERSION = YES;
				CLANG_WARN_NON_LITERAL_NULL_CONVERSION = YES;
				CLANG_WARN_OBJC_IMPLICIT_RETAIN_SELF = YES;
				CLANG_WARN_OBJC_LITERAL_CONVERSION = YES;
				CLANG_WARN_OBJC_ROOT_CLASS = YES_ERROR;
				CLANG_WARN_RANGE_LOOP_ANALYSIS = YES;
				CLANG_WARN_STRICT_PROTOTYPES = YES;
				CLANG_WARN_SUSPICIOUS_MOVE = YES;
				CLANG_WARN_UNGUARDED_AVAILABILITY = YES_AGGRESSIVE;
				CLANG_WARN_UNREACHABLE_CODE = YES;
				CLANG_WARN__DUPLICATE_METHOD_MATCH = YES;
				CODE_SIGN_IDENTITY = "iPhone Developer";
				COPY_PHASE_STRIP = NO;
				DEBUG_INFORMATION_FORMAT = dwarf;
				ENABLE_STRICT_OBJC_MSGSEND = YES;
				ENABLE_TESTABILITY = YES;
				GCC_C_LANGUAGE_STANDARD = gnu11;
				GCC_DYNAMIC_NO_PIC = NO;
				GCC_NO_COMMON_BLOCKS = YES;
				GCC_OPTIMIZATION_LEVEL = 0;
				GCC_PREPROCESSOR_DEFINITIONS = (
					"DEBUG=1",
					"$(inherited)",
				);
				GCC_WARN_64_TO_32_BIT_CONVERSION = YES;
				GCC_WARN_ABOUT_RETURN_TYPE = YES_ERROR;
				GCC_WARN_UNDECLARED_SELECTOR = YES;
				GCC_WARN_UNINITIALIZED_AUTOS = YES_AGGRESSIVE;
				GCC_WARN_UNUSED_FUNCTION = YES;
				GCC_WARN_UNUSED_VARIABLE = YES;
				IPHONEOS_DEPLOYMENT_TARGET = 11.0;
				MTL_ENABLE_DEBUG_INFO = INCLUDE_SOURCE;
				MTL_FAST_MATH = YES;
				ONLY_ACTIVE_ARCH = YES;
				SDKROOT = iphoneos;
				SWIFT_ACTIVE_COMPILATION_CONDITIONS = DEBUG;
				SWIFT_OPTIMIZATION_LEVEL = "-Onone";
			};
			name = "Debug (Production)";
		};
		98EC098921E41D8D0077F007 /* Debug (Production) */ = {
			isa = XCBuildConfiguration;
			baseConfigurationReference = 98EC099721E420530077F007 /* Production.xcconfig */;
			buildSettings = {
				ASSETCATALOG_COMPILER_APPICON_NAME = AppIcon;
				CODE_SIGN_STYLE = Automatic;
				DEVELOPMENT_TEAM = 26Z24PM6F7;
				INFOPLIST_FILE = GrailedExample/Info.plist;
				IPHONEOS_DEPLOYMENT_TARGET = 11.0;
				LD_RUNPATH_SEARCH_PATHS = (
					"$(inherited)",
					"@executable_path/Frameworks",
				);
				PRODUCT_BUNDLE_IDENTIFIER = clukLabs.GrailedExample;
				PRODUCT_NAME = "$(TARGET_NAME)";
				SWIFT_VERSION = 4.2;
				TARGETED_DEVICE_FAMILY = "1,2";
			};
			name = "Debug (Production)";
		};
		98EC098A21E41D8D0077F007 /* Debug (Production) */ = {
			isa = XCBuildConfiguration;
			baseConfigurationReference = 510DD19461CC685A02815857 /* Pods-GrailedExample-GrailedExampleTests.debug (production).xcconfig */;
			buildSettings = {
				BUNDLE_LOADER = "$(TEST_HOST)";
				CODE_SIGN_STYLE = Automatic;
				DEVELOPMENT_TEAM = 26Z24PM6F7;
				INFOPLIST_FILE = GrailedExampleTests/Info.plist;
				LD_RUNPATH_SEARCH_PATHS = (
					"$(inherited)",
					"@executable_path/Frameworks",
					"@loader_path/Frameworks",
				);
				PRODUCT_BUNDLE_IDENTIFIER = clukLabs.GrailedExampleTests;
				PRODUCT_NAME = "$(TARGET_NAME)";
				SWIFT_VERSION = 4.2;
				TARGETED_DEVICE_FAMILY = "1,2";
				TEST_HOST = "$(BUILT_PRODUCTS_DIR)/GrailedExample.app/GrailedExample";
			};
			name = "Debug (Production)";
		};
		98EC098C21E41D9E0077F007 /* Release (Staging) */ = {
			isa = XCBuildConfiguration;
			buildSettings = {
				ALWAYS_SEARCH_USER_PATHS = NO;
				CLANG_ANALYZER_NONNULL = YES;
				CLANG_ANALYZER_NUMBER_OBJECT_CONVERSION = YES_AGGRESSIVE;
				CLANG_CXX_LANGUAGE_STANDARD = "gnu++14";
				CLANG_CXX_LIBRARY = "libc++";
				CLANG_ENABLE_MODULES = YES;
				CLANG_ENABLE_OBJC_ARC = YES;
				CLANG_ENABLE_OBJC_WEAK = YES;
				CLANG_WARN_BLOCK_CAPTURE_AUTORELEASING = YES;
				CLANG_WARN_BOOL_CONVERSION = YES;
				CLANG_WARN_COMMA = YES;
				CLANG_WARN_CONSTANT_CONVERSION = YES;
				CLANG_WARN_DEPRECATED_OBJC_IMPLEMENTATIONS = YES;
				CLANG_WARN_DIRECT_OBJC_ISA_USAGE = YES_ERROR;
				CLANG_WARN_DOCUMENTATION_COMMENTS = YES;
				CLANG_WARN_EMPTY_BODY = YES;
				CLANG_WARN_ENUM_CONVERSION = YES;
				CLANG_WARN_INFINITE_RECURSION = YES;
				CLANG_WARN_INT_CONVERSION = YES;
				CLANG_WARN_NON_LITERAL_NULL_CONVERSION = YES;
				CLANG_WARN_OBJC_IMPLICIT_RETAIN_SELF = YES;
				CLANG_WARN_OBJC_LITERAL_CONVERSION = YES;
				CLANG_WARN_OBJC_ROOT_CLASS = YES_ERROR;
				CLANG_WARN_RANGE_LOOP_ANALYSIS = YES;
				CLANG_WARN_STRICT_PROTOTYPES = YES;
				CLANG_WARN_SUSPICIOUS_MOVE = YES;
				CLANG_WARN_UNGUARDED_AVAILABILITY = YES_AGGRESSIVE;
				CLANG_WARN_UNREACHABLE_CODE = YES;
				CLANG_WARN__DUPLICATE_METHOD_MATCH = YES;
				CODE_SIGN_IDENTITY = "iPhone Developer";
				COPY_PHASE_STRIP = NO;
				DEBUG_INFORMATION_FORMAT = "dwarf-with-dsym";
				ENABLE_NS_ASSERTIONS = NO;
				ENABLE_STRICT_OBJC_MSGSEND = YES;
				GCC_C_LANGUAGE_STANDARD = gnu11;
				GCC_NO_COMMON_BLOCKS = YES;
				GCC_WARN_64_TO_32_BIT_CONVERSION = YES;
				GCC_WARN_ABOUT_RETURN_TYPE = YES_ERROR;
				GCC_WARN_UNDECLARED_SELECTOR = YES;
				GCC_WARN_UNINITIALIZED_AUTOS = YES_AGGRESSIVE;
				GCC_WARN_UNUSED_FUNCTION = YES;
				GCC_WARN_UNUSED_VARIABLE = YES;
				IPHONEOS_DEPLOYMENT_TARGET = 11.0;
				MTL_ENABLE_DEBUG_INFO = NO;
				MTL_FAST_MATH = YES;
				SDKROOT = iphoneos;
				SWIFT_COMPILATION_MODE = wholemodule;
				SWIFT_OPTIMIZATION_LEVEL = "-O";
				VALIDATE_PRODUCT = YES;
			};
			name = "Release (Staging)";
		};
		98EC098D21E41D9E0077F007 /* Release (Staging) */ = {
			isa = XCBuildConfiguration;
			baseConfigurationReference = 98EC099621E420450077F007 /* Staging.xcconfig */;
			buildSettings = {
				ASSETCATALOG_COMPILER_APPICON_NAME = AppIcon;
				CODE_SIGN_STYLE = Automatic;
				DEVELOPMENT_TEAM = 26Z24PM6F7;
				INFOPLIST_FILE = GrailedExample/Info.plist;
				IPHONEOS_DEPLOYMENT_TARGET = 11.0;
				LD_RUNPATH_SEARCH_PATHS = (
					"$(inherited)",
					"@executable_path/Frameworks",
				);
				PRODUCT_BUNDLE_IDENTIFIER = clukLabs.GrailedExample;
				PRODUCT_NAME = "$(TARGET_NAME)";
				SWIFT_VERSION = 4.2;
				TARGETED_DEVICE_FAMILY = "1,2";
			};
			name = "Release (Staging)";
		};
		98EC098E21E41D9E0077F007 /* Release (Staging) */ = {
			isa = XCBuildConfiguration;
			baseConfigurationReference = B37DD5E10D48C9CC7C25C6E3 /* Pods-GrailedExample-GrailedExampleTests.release (staging).xcconfig */;
			buildSettings = {
				BUNDLE_LOADER = "$(TEST_HOST)";
				CODE_SIGN_STYLE = Automatic;
				DEVELOPMENT_TEAM = 26Z24PM6F7;
				INFOPLIST_FILE = GrailedExampleTests/Info.plist;
				LD_RUNPATH_SEARCH_PATHS = (
					"$(inherited)",
					"@executable_path/Frameworks",
					"@loader_path/Frameworks",
				);
				PRODUCT_BUNDLE_IDENTIFIER = clukLabs.GrailedExampleTests;
				PRODUCT_NAME = "$(TARGET_NAME)";
				SWIFT_VERSION = 4.2;
				TARGETED_DEVICE_FAMILY = "1,2";
				TEST_HOST = "$(BUILT_PRODUCTS_DIR)/GrailedExample.app/GrailedExample";
			};
			name = "Release (Staging)";
		};
		98EC099021E41DA90077F007 /* Release (Production) */ = {
			isa = XCBuildConfiguration;
			buildSettings = {
				ALWAYS_SEARCH_USER_PATHS = NO;
				CLANG_ANALYZER_NONNULL = YES;
				CLANG_ANALYZER_NUMBER_OBJECT_CONVERSION = YES_AGGRESSIVE;
				CLANG_CXX_LANGUAGE_STANDARD = "gnu++14";
				CLANG_CXX_LIBRARY = "libc++";
				CLANG_ENABLE_MODULES = YES;
				CLANG_ENABLE_OBJC_ARC = YES;
				CLANG_ENABLE_OBJC_WEAK = YES;
				CLANG_WARN_BLOCK_CAPTURE_AUTORELEASING = YES;
				CLANG_WARN_BOOL_CONVERSION = YES;
				CLANG_WARN_COMMA = YES;
				CLANG_WARN_CONSTANT_CONVERSION = YES;
				CLANG_WARN_DEPRECATED_OBJC_IMPLEMENTATIONS = YES;
				CLANG_WARN_DIRECT_OBJC_ISA_USAGE = YES_ERROR;
				CLANG_WARN_DOCUMENTATION_COMMENTS = YES;
				CLANG_WARN_EMPTY_BODY = YES;
				CLANG_WARN_ENUM_CONVERSION = YES;
				CLANG_WARN_INFINITE_RECURSION = YES;
				CLANG_WARN_INT_CONVERSION = YES;
				CLANG_WARN_NON_LITERAL_NULL_CONVERSION = YES;
				CLANG_WARN_OBJC_IMPLICIT_RETAIN_SELF = YES;
				CLANG_WARN_OBJC_LITERAL_CONVERSION = YES;
				CLANG_WARN_OBJC_ROOT_CLASS = YES_ERROR;
				CLANG_WARN_RANGE_LOOP_ANALYSIS = YES;
				CLANG_WARN_STRICT_PROTOTYPES = YES;
				CLANG_WARN_SUSPICIOUS_MOVE = YES;
				CLANG_WARN_UNGUARDED_AVAILABILITY = YES_AGGRESSIVE;
				CLANG_WARN_UNREACHABLE_CODE = YES;
				CLANG_WARN__DUPLICATE_METHOD_MATCH = YES;
				CODE_SIGN_IDENTITY = "iPhone Developer";
				COPY_PHASE_STRIP = NO;
				DEBUG_INFORMATION_FORMAT = "dwarf-with-dsym";
				ENABLE_NS_ASSERTIONS = NO;
				ENABLE_STRICT_OBJC_MSGSEND = YES;
				GCC_C_LANGUAGE_STANDARD = gnu11;
				GCC_NO_COMMON_BLOCKS = YES;
				GCC_WARN_64_TO_32_BIT_CONVERSION = YES;
				GCC_WARN_ABOUT_RETURN_TYPE = YES_ERROR;
				GCC_WARN_UNDECLARED_SELECTOR = YES;
				GCC_WARN_UNINITIALIZED_AUTOS = YES_AGGRESSIVE;
				GCC_WARN_UNUSED_FUNCTION = YES;
				GCC_WARN_UNUSED_VARIABLE = YES;
				IPHONEOS_DEPLOYMENT_TARGET = 11.0;
				MTL_ENABLE_DEBUG_INFO = NO;
				MTL_FAST_MATH = YES;
				SDKROOT = iphoneos;
				SWIFT_COMPILATION_MODE = wholemodule;
				SWIFT_OPTIMIZATION_LEVEL = "-O";
				VALIDATE_PRODUCT = YES;
			};
			name = "Release (Production)";
		};
		98EC099121E41DA90077F007 /* Release (Production) */ = {
			isa = XCBuildConfiguration;
			baseConfigurationReference = 98EC099721E420530077F007 /* Production.xcconfig */;
			buildSettings = {
				ASSETCATALOG_COMPILER_APPICON_NAME = AppIcon;
				CODE_SIGN_STYLE = Automatic;
				DEVELOPMENT_TEAM = 26Z24PM6F7;
				INFOPLIST_FILE = GrailedExample/Info.plist;
				IPHONEOS_DEPLOYMENT_TARGET = 11.0;
				LD_RUNPATH_SEARCH_PATHS = (
					"$(inherited)",
					"@executable_path/Frameworks",
				);
				PRODUCT_BUNDLE_IDENTIFIER = clukLabs.GrailedExample;
				PRODUCT_NAME = "$(TARGET_NAME)";
				SWIFT_VERSION = 4.2;
				TARGETED_DEVICE_FAMILY = "1,2";
			};
			name = "Release (Production)";
		};
		98EC099221E41DA90077F007 /* Release (Production) */ = {
			isa = XCBuildConfiguration;
			baseConfigurationReference = 8383F980C4BEA42E5C587F63 /* Pods-GrailedExample-GrailedExampleTests.release (production).xcconfig */;
			buildSettings = {
				BUNDLE_LOADER = "$(TEST_HOST)";
				CODE_SIGN_STYLE = Automatic;
				DEVELOPMENT_TEAM = 26Z24PM6F7;
				INFOPLIST_FILE = GrailedExampleTests/Info.plist;
				LD_RUNPATH_SEARCH_PATHS = (
					"$(inherited)",
					"@executable_path/Frameworks",
					"@loader_path/Frameworks",
				);
				PRODUCT_BUNDLE_IDENTIFIER = clukLabs.GrailedExampleTests;
				PRODUCT_NAME = "$(TARGET_NAME)";
				SWIFT_VERSION = 4.2;
				TARGETED_DEVICE_FAMILY = "1,2";
				TEST_HOST = "$(BUILT_PRODUCTS_DIR)/GrailedExample.app/GrailedExample";
			};
			name = "Release (Production)";
		};
/* End XCBuildConfiguration section */

/* Begin XCConfigurationList section */
		989B5E4121B76C5800E0D31B /* Build configuration list for PBXProject "GrailedExample" */ = {
			isa = XCConfigurationList;
			buildConfigurations = (
				989B5E6C21B76C5A00E0D31B /* Debug (Development) */,
				98EC098821E41D8D0077F007 /* Debug (Production) */,
				98EC098421E41D780077F007 /* Debug (Staging) */,
				989B5E6D21B76C5A00E0D31B /* Release (Development) */,
				98EC099021E41DA90077F007 /* Release (Production) */,
				98EC098C21E41D9E0077F007 /* Release (Staging) */,
			);
			defaultConfigurationIsVisible = 0;
			defaultConfigurationName = "Release (Production)";
		};
		989B5E6E21B76C5A00E0D31B /* Build configuration list for PBXNativeTarget "GrailedExample" */ = {
			isa = XCConfigurationList;
			buildConfigurations = (
				989B5E6F21B76C5A00E0D31B /* Debug (Development) */,
				98EC098921E41D8D0077F007 /* Debug (Production) */,
				98EC098521E41D780077F007 /* Debug (Staging) */,
				989B5E7021B76C5A00E0D31B /* Release (Development) */,
				98EC099121E41DA90077F007 /* Release (Production) */,
				98EC098D21E41D9E0077F007 /* Release (Staging) */,
			);
			defaultConfigurationIsVisible = 0;
			defaultConfigurationName = "Release (Production)";
		};
		989B5E7121B76C5A00E0D31B /* Build configuration list for PBXNativeTarget "GrailedExampleTests" */ = {
			isa = XCConfigurationList;
			buildConfigurations = (
				989B5E7221B76C5A00E0D31B /* Debug (Development) */,
				98EC098A21E41D8D0077F007 /* Debug (Production) */,
				98EC098621E41D780077F007 /* Debug (Staging) */,
				989B5E7321B76C5A00E0D31B /* Release (Development) */,
				98EC099221E41DA90077F007 /* Release (Production) */,
				98EC098E21E41D9E0077F007 /* Release (Staging) */,
			);
			defaultConfigurationIsVisible = 0;
			defaultConfigurationName = "Release (Production)";
		};
/* End XCConfigurationList section */
	};
	rootObject = 989B5E3E21B76C5800E0D31B /* Project object */;
}
